
Microsoft Visual Studio Solution File, Format Version 12.00
# Visual Studio Version 17
VisualStudioVersion = 17.9.34728.123
MinimumVisualStudioVersion = 10.0.40219.1
Project("{FAE04EC0-301F-11D3-BF4B-00C04F79EFBC}") = "Tp3PepsiApp", "Tp3PepsiApp\Tp3PepsiApp.csproj", "{E2DCA3B9-EEF9-4526-A625-009DE94E1D0D}"
EndProject
Global
	GlobalSection(SolutionConfigurationPlatforms) = preSolution
		Debug|Any CPU = Debug|Any CPU
		Release|Any CPU = Release|Any CPU
	EndGlobalSection
	GlobalSection(ProjectConfigurationPlatforms) = postSolution
		{E2DCA3B9-EEF9-4526-A625-009DE94E1D0D}.Debug|Any CPU.ActiveCfg = Debug|Any CPU
		{E2DCA3B9-EEF9-4526-A625-009DE94E1D0D}.Debug|Any CPU.Build.0 = Debug|Any CPU
		{E2DCA3B9-EEF9-4526-A625-009DE94E1D0D}.Debug|Any CPU.Deploy.0 = Debug|Any CPU
		{E2DCA3B9-EEF9-4526-A625-009DE94E1D0D}.Release|Any CPU.ActiveCfg = Release|Any CPU
		{E2DCA3B9-EEF9-4526-A625-009DE94E1D0D}.Release|Any CPU.Build.0 = Release|Any CPU
		{E2DCA3B9-EEF9-4526-A625-009DE94E1D0D}.Release|Any CPU.Deploy.0 = Release|Any CPU
	EndGlobalSection
	GlobalSection(SolutionProperties) = preSolution
		HideSolutionNode = FALSE
	EndGlobalSection
	GlobalSection(ExtensibilityGlobals) = postSolution
		SolutionGuid = {65B2A105-1A74-4FDF-AFA7-378044808718}
	EndGlobalSection
EndGlobal
